
Microsoft Visual Studio Solution File, Format Version 12.00
# Visual Studio Version 17
VisualStudioVersion = 17.0.31903.59
MinimumVisualStudioVersion = 10.0.40219.1
Project("{FAE04EC0-301F-11D3-BF4B-00C04F79EFBC}") = "prosjek", "prosjek.csproj", "{ADFD6592-07A4-49F5-B958-EC5A7032A4D3}"
EndProject
Global
	GlobalSection(SolutionConfigurationPlatforms) = preSolution
		Debug|Any CPU = Debug|Any CPU
		Release|Any CPU = Release|Any CPU
	EndGlobalSection
	GlobalSection(ProjectConfigurationPlatforms) = postSolution
		{ADFD6592-07A4-49F5-B958-EC5A7032A4D3}.Debug|Any CPU.ActiveCfg = Debug|Any CPU
		{ADFD6592-07A4-49F5-B958-EC5A7032A4D3}.Debug|Any CPU.Build.0 = Debug|Any CPU
		{ADFD6592-07A4-49F5-B958-EC5A7032A4D3}.Release|Any CPU.ActiveCfg = Release|Any CPU
		{ADFD6592-07A4-49F5-B958-EC5A7032A4D3}.Release|Any CPU.Build.0 = Release|Any CPU
	EndGlobalSection
	GlobalSection(SolutionProperties) = preSolution
		HideSolutionNode = FALSE
	EndGlobalSection
	GlobalSection(ExtensibilityGlobals) = postSolution
		SolutionGuid = {BEA264F9-C4A6-453E-8D07-E2D6E1C1238E}
	EndGlobalSection
EndGlobal
